
Microsoft Visual Studio Solution File, Format Version 12.00
# Visual Studio Version 16
VisualStudioVersion = 16.0.29418.71
MinimumVisualStudioVersion = 10.0.40219.1
Project("{FAE04EC0-301F-11D3-BF4B-00C04F79EFBC}") = "AutoBalloon", "AutoBalloon\AutoBalloon.csproj", "{FB011CBD-04A6-49AB-AF62-BEE2C6F0F57E}"
EndProject
Global
	GlobalSection(SolutionConfigurationPlatforms) = preSolution
		Debug|Any CPU = Debug|Any CPU
		Release|Any CPU = Release|Any CPU
	EndGlobalSection
	GlobalSection(ProjectConfigurationPlatforms) = postSolution
		{FB011CBD-04A6-49AB-AF62-BEE2C6F0F57E}.Debug|Any CPU.ActiveCfg = Debug|Any CPU
		{FB011CBD-04A6-49AB-AF62-BEE2C6F0F57E}.Debug|Any CPU.Build.0 = Debug|Any CPU
		{FB011CBD-04A6-49AB-AF62-BEE2C6F0F57E}.Release|Any CPU.ActiveCfg = Release|Any CPU
		{FB011CBD-04A6-49AB-AF62-BEE2C6F0F57E}.Release|Any CPU.Build.0 = Release|Any CPU
	EndGlobalSection
	GlobalSection(SolutionProperties) = preSolution
		HideSolutionNode = FALSE
	EndGlobalSection
	GlobalSection(ExtensibilityGlobals) = postSolution
		SolutionGuid = {CB6DAA86-8804-4F1C-8B93-F0DFB1D65432}
	EndGlobalSection
EndGlobal
